<?xml version="1.0" encoding="utf-8"?>
<Project ToolsVersion="4.0" xmlns="http://schemas.microsoft.com/developer/msbuild/2003">
  <ItemGroup>
    <Filter Include="Source Files">
      <UniqueIdentifier>{4FC737F1-C7A5-4376-A066-2A32D752A2FF}</UniqueIdentifier>
      <Extensions>cpp;c;cc;cxx;def;odl;idl;hpj;bat;asm;asmx</Extensions>
    </Filter>
    <Filter Include="Header Files">
      <UniqueIdentifier>{93995380-89BD-4b04-88EB-625FBE52EBFB}</UniqueIdentifier>
      <Extensions>h;hh;hpp;hxx;hm;inl;inc;xsd</Extensions>
    </Filter>
    <Filter Include="Shaders">
      <UniqueIdentifier>{44850df5-bf4f-4251-9258-51ce95513934}</UniqueIdentifier>
    </Filter>
  </ItemGroup>
  <ItemGroup>
    <ClCompile Include="src\LoadShaders.cpp">
      <Filter>Source Files</Filter>
    </ClCompile>
    <ClCompile Include="src\Main.cpp">
      <Filter>Source Files</Filter>
    </ClCompile>
  </ItemGroup>
  <ItemGroup>
    <ClInclude Include="src\LoadShaders.h">
      <Filter>Header Files</Filter>
    </ClInclude>
  </ItemGroup>
  <ItemGroup>
    <None Include="src\glsl\DensityCompute.glsl">
      <Filter>Shaders</Filter>
    </None>
    <None Include="src\glsl\FluidSim.glsl">
      <Filter>Shaders</Filter>
    </None>
    <None Include="src\glsl\FragmentShader.glsl">
      <Filter>Shaders</Filter>
    </None>
    <None Include="src\glsl\GroupCompute.glsl">
      <Filter>Shaders</Filter>
    </None>
    <None Include="src\glsl\SortCompute.glsl">
      <Filter>Shaders</Filter>
    </None>
    <None Include="src\glsl\VertexShader.glsl">
      <Filter>Shaders</Filter>
    </None>
    <None Include="src\glsl\UpdateParticles.glsl">
      <Filter>Shaders</Filter>
    </None>
    <None Include="src\glsl\OffsetCompute.glsl">
      <Filter>Shaders</Filter>
    </None>
  </ItemGroup>
</Project>